
Microsoft Visual Studio Solution File, Format Version 12.00
# Visual Studio 16
Project("{FAE04EC0-301F-11D3-BF4B-00C04F79EFBC}") = "AstarPathfindingProject", "AstarPathfindingProject.csproj", "{CFECE92B-1250-FAC1-7772-BAA50832A2EA}"
EndProject
Project("{FAE04EC0-301F-11D3-BF4B-00C04F79EFBC}") = "Assembly-CSharp", "Assembly-CSharp.csproj", "{B759D9DB-3986-1B7E-C210-3085803C4F7B}"
EndProject
Project("{FAE04EC0-301F-11D3-BF4B-00C04F79EFBC}") = "AstarPathfindingProjectEditor", "AstarPathfindingProjectEditor.csproj", "{E7785345-A9DA-7A75-3779-03E4DB1592D2}"
EndProject
Project("{FAE04EC0-301F-11D3-BF4B-00C04F79EFBC}") = "PackageToolsEditor", "PackageToolsEditor.csproj", "{5DA36547-4BD4-4E8B-AA2D-70976582D899}"
EndProject
Global
	GlobalSection(SolutionConfigurationPlatforms) = preSolution
		Debug|Any CPU = Debug|Any CPU
		Release|Any CPU = Release|Any CPU
	EndGlobalSection
	GlobalSection(ProjectConfigurationPlatforms) = postSolution
		{CFECE92B-1250-FAC1-7772-BAA50832A2EA}.Debug|Any CPU.ActiveCfg = Debug|Any CPU
		{CFECE92B-1250-FAC1-7772-BAA50832A2EA}.Debug|Any CPU.Build.0 = Debug|Any CPU
		{CFECE92B-1250-FAC1-7772-BAA50832A2EA}.Release|Any CPU.ActiveCfg = Release|Any CPU
		{CFECE92B-1250-FAC1-7772-BAA50832A2EA}.Release|Any CPU.Build.0 = Release|Any CPU
		{B759D9DB-3986-1B7E-C210-3085803C4F7B}.Debug|Any CPU.ActiveCfg = Debug|Any CPU
		{B759D9DB-3986-1B7E-C210-3085803C4F7B}.Debug|Any CPU.Build.0 = Debug|Any CPU
		{B759D9DB-3986-1B7E-C210-3085803C4F7B}.Release|Any CPU.ActiveCfg = Release|Any CPU
		{B759D9DB-3986-1B7E-C210-3085803C4F7B}.Release|Any CPU.Build.0 = Release|Any CPU
		{E7785345-A9DA-7A75-3779-03E4DB1592D2}.Debug|Any CPU.ActiveCfg = Debug|Any CPU
		{E7785345-A9DA-7A75-3779-03E4DB1592D2}.Debug|Any CPU.Build.0 = Debug|Any CPU
		{E7785345-A9DA-7A75-3779-03E4DB1592D2}.Release|Any CPU.ActiveCfg = Release|Any CPU
		{E7785345-A9DA-7A75-3779-03E4DB1592D2}.Release|Any CPU.Build.0 = Release|Any CPU
		{5DA36547-4BD4-4E8B-AA2D-70976582D899}.Debug|Any CPU.ActiveCfg = Debug|Any CPU
		{5DA36547-4BD4-4E8B-AA2D-70976582D899}.Debug|Any CPU.Build.0 = Debug|Any CPU
		{5DA36547-4BD4-4E8B-AA2D-70976582D899}.Release|Any CPU.ActiveCfg = Release|Any CPU
		{5DA36547-4BD4-4E8B-AA2D-70976582D899}.Release|Any CPU.Build.0 = Release|Any CPU
	EndGlobalSection
	GlobalSection(SolutionProperties) = preSolution
		HideSolutionNode = FALSE
	EndGlobalSection
EndGlobal
